# This file is generated by running "yarn install" inside your project.
# Manual changes might be lost - proceed with caution!

__metadata:
  version: 6
  cacheKey: 8

"@emnapi/runtime@npm:^1.11.3":
  version: 1.11.3
  resolution: "@emnapi/runtime@npm:1.11.3"
  dependencies:
    tslib: ^2.4.0
  checksum: 844b828dee5318f3645d7eb673e59e527e552483d8caa42afe420753363c6ff2599718100a456483d589dff4f1f3cf1c66010d80b11154c899ebf68fd40fc359
  languageName: node
  linkType: hard

"@img/colour@npm:^1.1.0":
  version: 1.1.0
  resolution: "@img/colour@npm:1.1.0"
  checksum: 1572b4f154fe5987e02e107c32f64a9f50a18cab4a2015b7e53f48317b20c58e00cc2e09467378a2d4f06a6139cabd259b1b6d224e79a3bd6b66daea70a6613d
  languageName: node
  linkType: hard

"@img/sharp-darwin-arm64@npm:0.35.5":
  version: 0.35.5
  resolution: "@img/sharp-darwin-arm64@npm:0.35.5"
  dependencies:
    "@img/sharp-libvips-darwin-arm64": 1.3.4
  dependenciesMeta:
    "@img/sharp-libvips-darwin-arm64":
      optional: true
  conditions: os=darwin & cpu=arm64
  languageName: node
  linkType: hard

"@img/sharp-darwin-x64@npm:0.35.5":
  version: 0.35.5
  resolution: "@img/sharp-darwin-x64@npm:0.35.5"
  dependencies:
    "@img/sharp-libvips-darwin-x64": 1.3.4
  dependenciesMeta:
    "@img/sharp-libvips-darwin-x64":
      optional: true
  conditions: os=darwin & cpu=x64
  languageName: node
  linkType: hard

"@img/sharp-freebsd-wasm32@npm:0.35.5":
  version: 0.35.5
  resolution: "@img/sharp-freebsd-wasm32@npm:0.35.5"
  dependencies:
    "@img/sharp-wasm32": 0.35.5
  conditions: os=freebsd
  languageName: node
  linkType: hard

"@img/sharp-libvips-darwin-arm64@npm:1.3.4":
  version: 1.3.4
  resolution: "@img/sharp-libvips-darwin-arm64@npm:1.3.4"
  conditions: os=darwin & cpu=arm64
  languageName: node
  linkType: hard

"@img/sharp-libvips-darwin-x64@npm:1.3.4":
  version: 1.3.4
  resolution: "@img/sharp-libvips-darwin-x64@npm:1.3.4"
  conditions: os=darwin & cpu=x64
  languageName: node
  linkType: hard

"@img/sharp-libvips-linux-arm64@npm:1.3.4":
  version: 1.3.4
  resolution: "@img/sharp-libvips-linux-arm64@npm:1.3.4"
  conditions: os=linux & cpu=arm64 & libc=glibc
  languageName: node
  linkType: hard

"@img/sharp-libvips-linux-arm@npm:1.3.4":
  version: 1.3.4
  resolution: "@img/sharp-libvips-linux-arm@npm:1.3.4"
  conditions: os=linux & cpu=arm & libc=glibc
  languageName: node
  linkType: hard

"@img/sharp-libvips-linux-ppc64@npm:1.3.4":
  version: 1.3.4
  resolution: "@img/sharp-libvips-linux-ppc64@npm:1.3.4"
  conditions: os=linux & cpu=ppc64 & libc=glibc
  languageName: node
  linkType: hard

"@img/sharp-libvips-linux-riscv64@npm:1.3.4":
  version: 1.3.4
  resolution: "@img/sharp-libvips-linux-riscv64@npm:1.3.4"
  conditions: os=linux & cpu=riscv64 & libc=glibc
  languageName: node
  linkType: hard

"@img/sharp-libvips-linux-s390x@npm:1.3.4":
  version: 1.3.4
  resolution: "@img/sharp-libvips-linux-s390x@npm:1.3.4"
  conditions: os=linux & cpu=s390x & libc=glibc
  languageName: node
  linkType: hard

"@img/sharp-libvips-linux-x64@npm:1.3.4":
  version: 1.3.4
  resolution: "@img/sharp-libvips-linux-x64@npm:1.3.4"
  conditions: os=linux & cpu=x64 & libc=glibc
  languageName: node
  linkType: hard

"@img/sharp-libvips-linuxmusl-arm64@npm:1.3.4":
  version: 1.3.4
  resolution: "@img/sharp-libvips-linuxmusl-arm64@npm:1.3.4"
  conditions: os=linux & cpu=arm64 & libc=musl
  languageName: node
  linkType: hard

"@img/sharp-libvips-linuxmusl-x64@npm:1.3.4":
  version: 1.3.4
  resolution: "@img/sharp-libvips-linuxmusl-x64@npm:1.3.4"
  conditions: os=linux & cpu=x64 & libc=musl
  languageName: node
  linkType: hard

"@img/sharp-linux-arm64@npm:0.35.5":
  version: 0.35.5
  resolution: "@img/sharp-linux-arm64@npm:0.35.5"
  dependencies:
    "@img/sharp-libvips-linux-arm64": 1.3.4
  dependenciesMeta:
    "@img/sharp-libvips-linux-arm64":
      optional: true
  conditions: os=linux & cpu=arm64 & libc=glibc
  languageName: node
  linkType: hard

"@img/sharp-linux-arm@npm:0.35.5":
  version: 0.35.5
  resolution: "@img/sharp-linux-arm@npm:0.35.5"
  dependencies:
    "@img/sharp-libvips-linux-arm": 1.3.4
  dependenciesMeta:
    "@img/sharp-libvips-linux-arm":
      optional: true
  conditions: os=linux & cpu=arm & libc=glibc
  languageName: node
  linkType: hard

"@img/sharp-linux-ppc64@npm:0.35.5":
  version: 0.35.5
  resolution: "@img/sharp-linux-ppc64@npm:0.35.5"
  dependencies:
    "@img/sharp-libvips-linux-ppc64": 1.3.4
  dependenciesMeta:
    "@img/sharp-libvips-linux-ppc64":
      optional: true
  conditions: os=linux & cpu=ppc64 & libc=glibc
  languageName: node
  linkType: hard

"@img/sharp-linux-riscv64@npm:0.35.5":
  version: 0.35.5
  resolution: "@img/sharp-linux-riscv64@npm:0.35.5"
  dependencies:
    "@img/sharp-libvips-linux-riscv64": 1.3.4
  dependenciesMeta:
    "@img/sharp-libvips-linux-riscv64":
      optional: true
  conditions: os=linux & cpu=riscv64 & libc=glibc
  languageName: node
  linkType: hard

"@img/sharp-linux-s390x@npm:0.35.5":
  version: 0.35.5
  resolution: "@img/sharp-linux-s390x@npm:0.35.5"
  dependencies:
    "@img/sharp-libvips-linux-s390x": 1.3.4
  dependenciesMeta:
    "@img/sharp-libvips-linux-s390x":
      optional: true
  conditions: os=linux & cpu=s390x & libc=glibc
  languageName: node
  linkType: hard

"@img/sharp-linux-x64@npm:0.35.5":
  version: 0.35.5
  resolution: "@img/sharp-linux-x64@npm:0.35.5"
  dependencies:
    "@img/sharp-libvips-linux-x64": 1.3.4
  dependenciesMeta:
    "@img/sharp-libvips-linux-x64":
      optional: true
  conditions: os=linux & cpu=x64 & libc=glibc
  languageName: node
  linkType: hard

"@img/sharp-linuxmusl-arm64@npm:0.35.5":
  version: 0.35.5
  resolution: "@img/sharp-linuxmusl-arm64@npm:0.35.5"
  dependencies:
    "@img/sharp-libvips-linuxmusl-arm64": 1.3.4
  dependenciesMeta:
    "@img/sharp-libvips-linuxmusl-arm64":
      optional: true
  conditions: os=linux & cpu=arm64 & libc=musl
  languageName: node
  linkType: hard

"@img/sharp-linuxmusl-x64@npm:0.35.5":
  version: 0.35.5
  resolution: "@img/sharp-linuxmusl-x64@npm:0.35.5"
  dependencies:
    "@img/sharp-libvips-linuxmusl-x64": 1.3.4
  dependenciesMeta:
    "@img/sharp-libvips-linuxmusl-x64":
      optional: true
  conditions: os=linux & cpu=x64 & libc=musl
  languageName: node
  linkType: hard

"@img/sharp-wasm32@npm:0.35.5":
  version: 0.35.5
  resolution: "@img/sharp-wasm32@npm:0.35.5"
  dependencies:
    "@emnapi/runtime": ^1.11.3
  checksum: 2535c8f30ef4adfbd84ed770f8e77dc558f8e4a92a806d4e973451cecd842d9ac7cc06e6ee9f72783c5f2a8c70c6c2b725a7b09aee97ba1b42cd39ac23c223a5
  languageName: node
  linkType: hard

"@img/sharp-webcontainers-wasm32@npm:0.35.5":
  version: 0.35.5
  resolution: "@img/sharp-webcontainers-wasm32@npm:0.35.5"
  dependencies:
    "@img/sharp-wasm32": 0.35.5
  conditions: cpu=wasm32
  languageName: node
  linkType: hard

"@img/sharp-win32-arm64@npm:0.35.5":
  version: 0.35.5
  resolution: "@img/sharp-win32-arm64@npm:0.35.5"
  conditions: os=win32 & cpu=arm64
  languageName: node
  linkType: hard

"@img/sharp-win32-ia32@npm:0.35.5":
  version: 0.35.5
  resolution: "@img/sharp-win32-ia32@npm:0.35.5"
  conditions: os=win32 & cpu=ia32
  languageName: node
  linkType: hard

"@img/sharp-win32-x64@npm:0.35.5":
  version: 0.35.5
  resolution: "@img/sharp-win32-x64@npm:0.35.5"
  conditions: os=win32 & cpu=x64
  languageName: node
  linkType: hard

"@next/env@npm:16.4.0":
  version: 16.4.0
  resolution: "@next/env@npm:16.4.0"
  checksum: 7621245e7ce79c1b751b97ba757fdba3fc4d85bc219fa7e6fbc18f93b54b46a5f40db2f1f3a7d27d5a1843c22a6a69f5da299765a248a16d735df5de0ecb76d8
  languageName: node
  linkType: hard

"@next/swc-darwin-arm64@npm:16.4.0":
  version: 16.4.0
  resolution: "@next/swc-darwin-arm64@npm:16.4.0"
  conditions: os=darwin & cpu=arm64
  languageName: node
  linkType: hard

"@next/swc-darwin-x64@npm:16.4.0":
  version: 16.4.0
  resolution: "@next/swc-darwin-x64@npm:16.4.0"
  conditions: os=darwin & cpu=x64
  languageName: node
  linkType: hard

"@next/swc-linux-arm64-gnu@npm:16.4.0":
  version: 16.4.0
  resolution: "@next/swc-linux-arm64-gnu@npm:16.4.0"
  conditions: os=linux & cpu=arm64 & libc=glibc
  languageName: node
  linkType: hard

"@next/swc-linux-arm64-musl@npm:16.4.0":
  version: 16.4.0
  resolution: "@next/swc-linux-arm64-musl@npm:16.4.0"
  conditions: os=linux & cpu=arm64 & libc=musl
  languageName: node
  linkType: hard

"@next/swc-linux-x64-gnu@npm:16.4.0":
  version: 16.4.0
  resolution: "@next/swc-linux-x64-gnu@npm:16.4.0"
  conditions: os=linux & cpu=x64 & libc=glibc
  languageName: node
  linkType: hard

"@next/swc-linux-x64-musl@npm:16.4.0":
  version: 16.4.0
  resolution: "@next/swc-linux-x64-musl@npm:16.4.0"
  conditions: os=linux & cpu=x64 & libc=musl
  languageName: node
  linkType: hard

"@next/swc-win32-arm64-msvc@npm:16.4.0":
  version: 16.4.0
  resolution: "@next/swc-win32-arm64-msvc@npm:16.4.0"
  conditions: os=win32 & cpu=arm64
  languageName: node
  linkType: hard

"@next/swc-win32-x64-msvc@npm:16.4.0":
  version: 16.4.0
  resolution: "@next/swc-win32-x64-msvc@npm:16.4.0"
  conditions: os=win32 & cpu=x64
  languageName: node
  linkType: hard

"@swc/helpers@npm:0.5.23":
  version: 0.5.23
  resolution: "@swc/helpers@npm:0.5.23"
  dependencies:
    tslib: ^2.8.0
  checksum: c9282bb0d4711fe83b9072690635948ea2e9a76cc5d09ad7f0bcfbd2c35d0536035af5334aa341fc3bcc2630fc57da7fcb336866913ef0bda52492ada788f9b6
  languageName: node
  linkType: hard

"baseline-browser-mapping@npm:^2.9.19":
  version: 2.10.18
  resolution: "baseline-browser-mapping@npm:2.10.18"
  bin:
    baseline-browser-mapping: dist/cli.cjs
  checksum: 89ea23fd68ebb11621af7df3d82984ed1249de361f7f609216bc9a4f38993a6635598d78e6cb674bf24d043ac948806947ed9692842dd08a8e5f85981f490270
  languageName: node
  linkType: hard

"caniuse-lite@npm:^1.0.30001579":
  version: 1.0.30001766
  resolution: "caniuse-lite@npm:1.0.30001766"
  checksum: 7a40e84cf1d7c9ee7a386bd68d946cd62a95aa62923d9224998bb09db81cb5a8e9c561920776c370f9afe50f364c10d50e987e747224357ef628cb96133b3763
  languageName: node
  linkType: hard

"client-only@npm:0.0.1":
  version: 0.0.1
  resolution: "client-only@npm:0.0.1"
  checksum: 0c16bf660dadb90610553c1d8946a7fdfb81d624adea073b8440b7d795d5b5b08beb3c950c6a2cf16279365a3265158a236876d92bce16423c485c322d7dfaf8
  languageName: node
  linkType: hard

"detect-libc@npm:^2.1.2":
  version: 2.1.2
  resolution: "detect-libc@npm:2.1.2"
  checksum: 471740d52365084c4b2ae359e507b863f2b1d79b08a92835ebdf701918e08fc9cfba175b3db28483ca33b155e1311a91d69dc42c6d192b476f41a9e1f094ce6a
  languageName: node
  linkType: hard

"js-tokens@npm:^3.0.0 || ^4.0.0":
  version: 4.0.0
  resolution: "js-tokens@npm:4.0.0"
  checksum: 8a95213a5a77deb6cbe94d86340e8d9ace2b93bc367790b260101d2f36a2eaf4e4e22d9fa9cf459b38af3a32fb4190e638024cf82ec95ef708680e405ea7cc78
  languageName: node
  linkType: hard

"loose-envify@npm:^1.1.0":
  version: 1.4.0
  resolution: "loose-envify@npm:1.4.0"
  dependencies:
    js-tokens: ^3.0.0 || ^4.0.0
  bin:
    loose-envify: cli.js
  checksum: 6517e24e0cad87ec9888f500c5b5947032cdfe6ef65e1c1936a0c48a524b81e65542c9c3edc91c97d5bddc806ee2a985dbc79be89215d613b1de5db6d1cfe6f4
  languageName: node
  linkType: hard

"nanoid@npm:^3.3.16":
  version: 3.3.20
  resolution: "nanoid@npm:3.3.20"
  bin:
    nanoid: bin/nanoid.cjs
  checksum: e5061282c25412663f527abe382b3dc7165585f18b5edb7c6500a5f56d9570b1de8b26500c231ae5e28e299f20d3877f839268ed5c302f997b5627237a04dcf9
  languageName: node
  linkType: hard

"next@npm:^16":
  version: 16.4.0
  resolution: "next@npm:16.4.0"
  dependencies:
    "@next/env": 16.4.0
    "@next/swc-darwin-arm64": 16.4.0
    "@next/swc-darwin-x64": 16.4.0
    "@next/swc-linux-arm64-gnu": 16.4.0
    "@next/swc-linux-arm64-musl": 16.4.0
    "@next/swc-linux-x64-gnu": 16.4.0
    "@next/swc-linux-x64-musl": 16.4.0
    "@next/swc-win32-arm64-msvc": 16.4.0
    "@next/swc-win32-x64-msvc": 16.4.0
    "@swc/helpers": 0.5.23
    baseline-browser-mapping: ^2.9.19
    caniuse-lite: ^1.0.30001579
    postcss: 8.5.23
    sharp: ^0.35.4
    styled-jsx: 5.1.6
  peerDependencies:
    "@opentelemetry/api": ^1.1.0
    "@playwright/test": ^1.51.1
    babel-plugin-react-compiler: "*"
    react: ^18.2.0 || 19.0.0-rc-de68d2f4-20241204 || ^19.0.0
    react-dom: ^18.2.0 || 19.0.0-rc-de68d2f4-20241204 || ^19.0.0
    sass: ^1.3.0
  dependenciesMeta:
    "@next/swc-darwin-arm64":
      optional: true
    "@next/swc-darwin-x64":
      optional: true
    "@next/swc-linux-arm64-gnu":
      optional: true
    "@next/swc-linux-arm64-musl":
      optional: true
    "@next/swc-linux-x64-gnu":
      optional: true
    "@next/swc-linux-x64-musl":
      optional: true
    "@next/swc-win32-arm64-msvc":
      optional: true
    "@next/swc-win32-x64-msvc":
      optional: true
    sharp:
      optional: true
  peerDependenciesMeta:
    "@opentelemetry/api":
      optional: true
    "@playwright/test":
      optional: true
    babel-plugin-react-compiler:
      optional: true
    sass:
      optional: true
  bin:
    next: dist/bin/next
  checksum: 82aaf11c924986d600d24b2ce9e4873aa4986e0807e1fd348622d636baa82b39e8f37b8c89e539c170fa1e45ef72a6a308b4cd11c68c93f4e1b7e00f9f9c3020
  languageName: node
  linkType: hard

"picocolors@npm:^1.1.1":
  version: 1.1.1
  resolution: "picocolors@npm:1.1.1"
  checksum: e1cf46bf84886c79055fdfa9dcb3e4711ad259949e3565154b004b260cd356c5d54b31a1437ce9782624bf766272fe6b0154f5f0c744fb7af5d454d2b60db045
  languageName: node
  linkType: hard

"postcss@npm:8.5.23":
  version: 8.5.23
  resolution: "postcss@npm:8.5.23"
  dependencies:
    nanoid: ^3.3.16
    picocolors: ^1.1.1
    source-map-js: ^1.2.1
  checksum: 02fe0aac9de34914104566b3fe3a29903dc7bae4a3fffffdca1331dc51e14aa62c48e8373fc4d107ef99f8f5cae98199d9a89fbcbf43371693b22a397ff5cc34
  languageName: node
  linkType: hard

"react-dom@npm:^18.2.0":
  version: 18.2.0
  resolution: "react-dom@npm:18.2.0"
  dependencies:
    loose-envify: ^1.1.0
    scheduler: ^0.23.0
  peerDependencies:
    react: ^18.2.0
  checksum: 7d323310bea3a91be2965f9468d552f201b1c27891e45ddc2d6b8f717680c95a75ae0bc1e3f5cf41472446a2589a75aed4483aee8169287909fcd59ad149e8cc
  languageName: node
  linkType: hard

"react@npm:^18.2.0":
  version: 18.2.0
  resolution: "react@npm:18.2.0"
  dependencies:
    loose-envify: ^1.1.0
  checksum: 88e38092da8839b830cda6feef2e8505dec8ace60579e46aa5490fc3dc9bba0bd50336507dc166f43e3afc1c42939c09fe33b25fae889d6f402721dcd78fca1b
  languageName: node
  linkType: hard

"root-workspace-0b6124@workspace:.":
  version: 0.0.0-use.local
  resolution: "root-workspace-0b6124@workspace:."
  dependencies:
    next: ^16
    react: ^18.2.0
    react-dom: ^18.2.0
  languageName: unknown
  linkType: soft

"scheduler@npm:^0.23.0":
  version: 0.23.0
  resolution: "scheduler@npm:0.23.0"
  dependencies:
    loose-envify: ^1.1.0
  checksum: d79192eeaa12abef860c195ea45d37cbf2bbf5f66e3c4dcd16f54a7da53b17788a70d109ee3d3dde1a0fd50e6a8fc171f4300356c5aee4fc0171de526bf35f8a
  languageName: node
  linkType: hard

"semver@npm:^7.8.5":
  version: 7.8.5
  resolution: "semver@npm:7.8.5"
  bin:
    semver: bin/semver.js
  checksum: 0c580f17e88e2b45806dc5cf3d824f719c946999d3554bf30307c2b68b3300ab3c8bfcd84d8f489b93b4cbb5362f5fc8de4d2858954f18d834253c4450fc9f6b
  languageName: node
  linkType: hard

"sharp@npm:^0.35.4":
  version: 0.35.5
  resolution: "sharp@npm:0.35.5"
  dependencies:
    "@img/colour": ^1.1.0
    "@img/sharp-darwin-arm64": 0.35.5
    "@img/sharp-darwin-x64": 0.35.5
    "@img/sharp-freebsd-wasm32": 0.35.5
    "@img/sharp-libvips-darwin-arm64": 1.3.4
    "@img/sharp-libvips-darwin-x64": 1.3.4
    "@img/sharp-libvips-linux-arm": 1.3.4
    "@img/sharp-libvips-linux-arm64": 1.3.4
    "@img/sharp-libvips-linux-ppc64": 1.3.4
    "@img/sharp-libvips-linux-riscv64": 1.3.4
    "@img/sharp-libvips-linux-s390x": 1.3.4
    "@img/sharp-libvips-linux-x64": 1.3.4
    "@img/sharp-libvips-linuxmusl-arm64": 1.3.4
    "@img/sharp-libvips-linuxmusl-x64": 1.3.4
    "@img/sharp-linux-arm": 0.35.5
    "@img/sharp-linux-arm64": 0.35.5
    "@img/sharp-linux-ppc64": 0.35.5
    "@img/sharp-linux-riscv64": 0.35.5
    "@img/sharp-linux-s390x": 0.35.5
    "@img/sharp-linux-x64": 0.35.5
    "@img/sharp-linuxmusl-arm64": 0.35.5
    "@img/sharp-linuxmusl-x64": 0.35.5
    "@img/sharp-webcontainers-wasm32": 0.35.5
    "@img/sharp-win32-arm64": 0.35.5
    "@img/sharp-win32-ia32": 0.35.5
    "@img/sharp-win32-x64": 0.35.5
    detect-libc: ^2.1.2
    semver: ^7.8.5
  dependenciesMeta:
    "@img/sharp-darwin-arm64":
      optional: true
    "@img/sharp-darwin-x64":
      optional: true
    "@img/sharp-freebsd-wasm32":
      optional: true
    "@img/sharp-libvips-darwin-arm64":
      optional: true
    "@img/sharp-libvips-darwin-x64":
      optional: true
    "@img/sharp-libvips-linux-arm":
      optional: true
    "@img/sharp-libvips-linux-arm64":
      optional: true
    "@img/sharp-libvips-linux-ppc64":
      optional: true
    "@img/sharp-libvips-linux-riscv64":
      optional: true
    "@img/sharp-libvips-linux-s390x":
      optional: true
    "@img/sharp-libvips-linux-x64":
      optional: true
    "@img/sharp-libvips-linuxmusl-arm64":
      optional: true
    "@img/sharp-libvips-linuxmusl-x64":
      optional: true
    "@img/sharp-linux-arm":
      optional: true
    "@img/sharp-linux-arm64":
      optional: true
    "@img/sharp-linux-ppc64":
      optional: true
    "@img/sharp-linux-riscv64":
      optional: true
    "@img/sharp-linux-s390x":
      optional: true
    "@img/sharp-linux-x64":
      optional: true
    "@img/sharp-linuxmusl-arm64":
      optional: true
    "@img/sharp-linuxmusl-x64":
      optional: true
    "@img/sharp-webcontainers-wasm32":
      optional: true
    "@img/sharp-win32-arm64":
      optional: true
    "@img/sharp-win32-ia32":
      optional: true
    "@img/sharp-win32-x64":
      optional: true
  peerDependenciesMeta:
    "@types/node":
      optional: true
  checksum: 8823d68f4484cb0df5795f8dddd09dc8f7d39071da0ce385f68a182ae3019780e1ff1e908ac625d08d6773d39957a6722bd91c792ae099c3a0c4754b23e4cddd
  languageName: node
  linkType: hard

"source-map-js@npm:^1.2.1":
  version: 1.2.2
  resolution: "source-map-js@npm:1.2.2"
  checksum: d4f3adc1921e145fe84574b5852d7f5bf11e93d6c008a250ffe66a3e698331f066008cc3ba63e720dde07fe74871f1610d2e74532d33b27126e82e57c00df3bf
  languageName: node
  linkType: hard

"styled-jsx@npm:5.1.6":
  version: 5.1.6
  resolution: "styled-jsx@npm:5.1.6"
  dependencies:
    client-only: 0.0.1
  peerDependencies:
    react: ">= 16.8.0 || 17.x.x || ^18.0.0-0 || ^19.0.0-0"
  peerDependenciesMeta:
    "@babel/core":
      optional: true
    babel-plugin-macros:
      optional: true
  checksum: 879ad68e3e81adcf4373038aaafe55f968294955593660e173fbf679204aff158c59966716a60b29af72dc88795cfb2c479b6d2c3c87b2b2d282f3e27cc66461
  languageName: node
  linkType: hard

"tslib@npm:^2.4.0":
  version: 2.4.1
  resolution: "tslib@npm:2.4.1"
  checksum: 19480d6e0313292bd6505d4efe096a6b31c70e21cf08b5febf4da62e95c265c8f571f7b36fcc3d1a17e068032f59c269fab3459d6cd3ed6949eafecf64315fca
  languageName: node
  linkType: hard

"tslib@npm:^2.8.0":
  version: 2.8.1
  resolution: "tslib@npm:2.8.1"
  checksum: e4aba30e632b8c8902b47587fd13345e2827fa639e7c3121074d5ee0880723282411a8838f830b55100cbe4517672f84a2472667d355b81e8af165a55dc6203a
  languageName: node
  linkType: hard
